{
  "name": "pyrox-jwt",
  "lockfileVersion": 2,
  "requires": true,
  "packages": {
    "": {
      "dependencies": {
        "@tsndr/cloudflare-worker-jwt": "^2.2.1"
      },
      "devDependencies": {
        "@cloudflare/workers-types": "^4.20230115.0"
      }
    },
    "node_modules/@cloudflare/workers-types": {
      "version": "4.20230115.0",
      "resolved": "https://registry.npmjs.org/@cloudflare/workers-types/-/workers-types-4.20230115.0.tgz",
      "integrity": "sha512-GPJEiO8AFN+jUpA+DHJ1qdVmk4s/hq8JYKjOV/+U7avGquQbVnj905+Kg6uAEfrq16muwmRKl+XJGqsvlBlDNg==",
      "dev": true
    },
    "node_modules/@tsndr/cloudflare-worker-jwt": {
      "version": "2.2.1",
      "resolved": "https://registry.npmjs.org/@tsndr/cloudflare-worker-jwt/-/cloudflare-worker-jwt-2.2.1.tgz",
      "integrity": "sha512-yYxjmag5AXXs7FDCUlse8cCTQlug3fbrqUb4/s4kvdauOg5wq2V6BayHD/OUWOGmgohefFRqu4vA5phU3+Cyng=="
    }
  },
  "dependencies": {
    "@cloudflare/workers-types": {
      "version": "4.20230115.0",
      "resolved": "https://registry.npmjs.org/@cloudflare/workers-types/-/workers-types-4.20230115.0.tgz",
      "integrity": "sha512-GPJEiO8AFN+jUpA+DHJ1qdVmk4s/hq8JYKjOV/+U7avGquQbVnj905+Kg6uAEfrq16muwmRKl+XJGqsvlBlDNg==",
      "dev": true
    },
    "@tsndr/cloudflare-worker-jwt": {
      "version": "2.2.1",
      "resolved": "https://registry.npmjs.org/@tsndr/cloudflare-worker-jwt/-/cloudflare-worker-jwt-2.2.1.tgz",
      "integrity": "sha512-yYxjmag5AXXs7FDCUlse8cCTQlug3fbrqUb4/s4kvdauOg5wq2V6BayHD/OUWOGmgohefFRqu4vA5phU3+Cyng=="
    }
  }
}
